
Microsoft Visual Studio Solution File, Format Version 12.00
# Visual Studio Version 17
VisualStudioVersion = 17.5.33414.496
MinimumVisualStudioVersion = 10.0.40219.1
Project("{FAE04EC0-301F-11D3-BF4B-00C04F79EFBC}") = "LogicalDay6", "LogicalDay6.csproj", "{47E4D62C-E1C0-496E-A04E-29E3E0AAF258}"
EndProject
Global
	GlobalSection(SolutionConfigurationPlatforms) = preSolution
		Debug|Any CPU = Debug|Any CPU
		Release|Any CPU = Release|Any CPU
	EndGlobalSection
	GlobalSection(ProjectConfigurationPlatforms) = postSolution
		{47E4D62C-E1C0-496E-A04E-29E3E0AAF258}.Debug|Any CPU.ActiveCfg = Debug|Any CPU
		{47E4D62C-E1C0-496E-A04E-29E3E0AAF258}.Debug|Any CPU.Build.0 = Debug|Any CPU
		{47E4D62C-E1C0-496E-A04E-29E3E0AAF258}.Release|Any CPU.ActiveCfg = Release|Any CPU
		{47E4D62C-E1C0-496E-A04E-29E3E0AAF258}.Release|Any CPU.Build.0 = Release|Any CPU
	EndGlobalSection
	GlobalSection(SolutionProperties) = preSolution
		HideSolutionNode = FALSE
	EndGlobalSection
	GlobalSection(ExtensibilityGlobals) = postSolution
		SolutionGuid = {51D40385-58CF-4493-B4E4-DD25C59195D7}
	EndGlobalSection
EndGlobal
